
Microsoft Visual Studio Solution File, Format Version 12.00
# Visual Studio Version 17
VisualStudioVersion = 17.7.34024.191
MinimumVisualStudioVersion = 10.0.40219.1
Project("{FAE04EC0-301F-11D3-BF4B-00C04F79EFBC}") = "OOP13", "OOP13\OOP13.csproj", "{973B5AE6-1686-494E-9CB3-8FA3A223AB33}"
EndProject
Global
	GlobalSection(SolutionConfigurationPlatforms) = preSolution
		Debug|Any CPU = Debug|Any CPU
		Release|Any CPU = Release|Any CPU
	EndGlobalSection
	GlobalSection(ProjectConfigurationPlatforms) = postSolution
		{973B5AE6-1686-494E-9CB3-8FA3A223AB33}.Debug|Any CPU.ActiveCfg = Debug|Any CPU
		{973B5AE6-1686-494E-9CB3-8FA3A223AB33}.Debug|Any CPU.Build.0 = Debug|Any CPU
		{973B5AE6-1686-494E-9CB3-8FA3A223AB33}.Release|Any CPU.ActiveCfg = Release|Any CPU
		{973B5AE6-1686-494E-9CB3-8FA3A223AB33}.Release|Any CPU.Build.0 = Release|Any CPU
	EndGlobalSection
	GlobalSection(SolutionProperties) = preSolution
		HideSolutionNode = FALSE
	EndGlobalSection
	GlobalSection(ExtensibilityGlobals) = postSolution
		SolutionGuid = {E89CE310-B860-4A80-95A2-FF13AF3A2FBD}
	EndGlobalSection
EndGlobal
